
Microsoft Visual Studio Solution File, Format Version 12.00
# Visual Studio Version 17
VisualStudioVersion = 17.0.31903.59
MinimumVisualStudioVersion = 10.0.40219.1
Project("{2150E333-8FDC-42A3-9474-1A3956D46DE8}") = "Solution  Items", "Solution  Items", "{56125279-2783-45B7-A59C-428872A07704}"
	ProjectSection(SolutionItems) = preProject
		.gitattributes = .gitattributes
		.gitignore = .gitignore
		README.md = README.md
	EndProjectSection
EndProject
Project("{2150E333-8FDC-42A3-9474-1A3956D46DE8}") = "src", "src", "{D16560F3-848B-491D-A77E-A4E63369F846}"
EndProject
Project("{2150E333-8FDC-42A3-9474-1A3956D46DE8}") = "CreationalPatterns", "CreationalPatterns", "{E8838506-C1C8-43FB-9E61-9E87F6F0AF4D}"
EndProject
Project("{2150E333-8FDC-42A3-9474-1A3956D46DE8}") = "StructuralPatterns", "StructuralPatterns", "{901563EB-EE0B-4F77-B027-E90F5EAC7D70}"
EndProject
Project("{2150E333-8FDC-42A3-9474-1A3956D46DE8}") = "BehavioralPatterns", "BehavioralPatterns", "{52B974E7-A927-4645-861C-FEA27003E4D5}"
EndProject
Project("{9A19103F-16F7-4668-BE54-9A1E7A4F7556}") = "ChainOfResponsibility", "src\BehavioralPatterns\ChainOfResponsibility\ChainOfResponsibility.csproj", "{BB42A47B-4DE5-45B5-BBE2-DF6077FBED05}"
EndProject
Project("{9A19103F-16F7-4668-BE54-9A1E7A4F7556}") = "FactoryMethod", "src\CreationalPatterns\FactoryMethod\FactoryMethod.csproj", "{0A923EC5-960E-420C-A5AB-045AEBFD73D5}"
EndProject
Project("{9A19103F-16F7-4668-BE54-9A1E7A4F7556}") = "Adapter", "src\StructuralPatterns\Adapter\Adapter.csproj", "{7ECEDF9A-8019-440F-9172-429987234088}"
EndProject
Project("{9A19103F-16F7-4668-BE54-9A1E7A4F7556}") = "Command", "src\BehavioralPatterns\Command\Command.csproj", "{857F3C44-A7FF-4765-8834-EDA9FFA8F6CA}"
EndProject
Project("{9A19103F-16F7-4668-BE54-9A1E7A4F7556}") = "Builder", "src\CreationalPatterns\Builder\Builder.csproj", "{282EF920-566F-438E-942C-4C492BF1D9A6}"
EndProject
Project("{9A19103F-16F7-4668-BE54-9A1E7A4F7556}") = "Visitor", "src\BehavioralPatterns\Visitor\Visitor.csproj", "{CA498A0D-DEC9-4182-B870-1E0666C3E5C6}"
EndProject
Project("{9A19103F-16F7-4668-BE54-9A1E7A4F7556}") = "Strategy", "src\BehavioralPatterns\Strategy\Strategy.csproj", "{F499423E-9DBE-4AD8-BBC5-A427DBB05654}"
EndProject
Project("{9A19103F-16F7-4668-BE54-9A1E7A4F7556}") = "Bridge", "src\StructuralPatterns\Bridge\Bridge.csproj", "{01D9130E-292E-438D-8ECD-A3540D3B06B2}"
EndProject
Project("{9A19103F-16F7-4668-BE54-9A1E7A4F7556}") = "Facade", "src\StructuralPatterns\Facade\Facade.csproj", "{05E703D0-5FC1-48F3-93B3-3DACBF6A35B7}"
EndProject
Project("{9A19103F-16F7-4668-BE54-9A1E7A4F7556}") = "Singleton", "src\CreationalPatterns\Singleton\Singleton.csproj", "{AC5ADFF3-0A44-4660-9F8E-96DD3742FCB1}"
EndProject
Project("{9A19103F-16F7-4668-BE54-9A1E7A4F7556}") = "Decorator", "src\StructuralPatterns\Decorator\Decorator.csproj", "{93B9C553-6D1C-4BD6-B11C-BE9D173A6F8A}"
EndProject
Project("{FAE04EC0-301F-11D3-BF4B-00C04F79EFBC}") = "Iterator", "src\BehavioralPatterns\Iterator\Iterator.csproj", "{CED6E2C3-A93F-4D72-80FE-93C7AEEA21D6}"
EndProject
Global
	GlobalSection(SolutionConfigurationPlatforms) = preSolution
		Debug|Any CPU = Debug|Any CPU
		Release|Any CPU = Release|Any CPU
	EndGlobalSection
	GlobalSection(ProjectConfigurationPlatforms) = postSolution
		{BB42A47B-4DE5-45B5-BBE2-DF6077FBED05}.Debug|Any CPU.ActiveCfg = Debug|Any CPU
		{BB42A47B-4DE5-45B5-BBE2-DF6077FBED05}.Debug|Any CPU.Build.0 = Debug|Any CPU
		{BB42A47B-4DE5-45B5-BBE2-DF6077FBED05}.Release|Any CPU.ActiveCfg = Release|Any CPU
		{BB42A47B-4DE5-45B5-BBE2-DF6077FBED05}.Release|Any CPU.Build.0 = Release|Any CPU
		{0A923EC5-960E-420C-A5AB-045AEBFD73D5}.Debug|Any CPU.ActiveCfg = Debug|Any CPU
		{0A923EC5-960E-420C-A5AB-045AEBFD73D5}.Debug|Any CPU.Build.0 = Debug|Any CPU
		{0A923EC5-960E-420C-A5AB-045AEBFD73D5}.Release|Any CPU.ActiveCfg = Release|Any CPU
		{0A923EC5-960E-420C-A5AB-045AEBFD73D5}.Release|Any CPU.Build.0 = Release|Any CPU
		{7ECEDF9A-8019-440F-9172-429987234088}.Debug|Any CPU.ActiveCfg = Debug|Any CPU
		{7ECEDF9A-8019-440F-9172-429987234088}.Debug|Any CPU.Build.0 = Debug|Any CPU
		{7ECEDF9A-8019-440F-9172-429987234088}.Release|Any CPU.ActiveCfg = Release|Any CPU
		{7ECEDF9A-8019-440F-9172-429987234088}.Release|Any CPU.Build.0 = Release|Any CPU
		{857F3C44-A7FF-4765-8834-EDA9FFA8F6CA}.Debug|Any CPU.ActiveCfg = Debug|Any CPU
		{857F3C44-A7FF-4765-8834-EDA9FFA8F6CA}.Debug|Any CPU.Build.0 = Debug|Any CPU
		{857F3C44-A7FF-4765-8834-EDA9FFA8F6CA}.Release|Any CPU.ActiveCfg = Release|Any CPU
		{857F3C44-A7FF-4765-8834-EDA9FFA8F6CA}.Release|Any CPU.Build.0 = Release|Any CPU
		{282EF920-566F-438E-942C-4C492BF1D9A6}.Debug|Any CPU.ActiveCfg = Debug|Any CPU
		{282EF920-566F-438E-942C-4C492BF1D9A6}.Debug|Any CPU.Build.0 = Debug|Any CPU
		{282EF920-566F-438E-942C-4C492BF1D9A6}.Release|Any CPU.ActiveCfg = Release|Any CPU
		{282EF920-566F-438E-942C-4C492BF1D9A6}.Release|Any CPU.Build.0 = Release|Any CPU
		{CA498A0D-DEC9-4182-B870-1E0666C3E5C6}.Debug|Any CPU.ActiveCfg = Debug|Any CPU
		{CA498A0D-DEC9-4182-B870-1E0666C3E5C6}.Debug|Any CPU.Build.0 = Debug|Any CPU
		{CA498A0D-DEC9-4182-B870-1E0666C3E5C6}.Release|Any CPU.ActiveCfg = Release|Any CPU
		{CA498A0D-DEC9-4182-B870-1E0666C3E5C6}.Release|Any CPU.Build.0 = Release|Any CPU
		{F499423E-9DBE-4AD8-BBC5-A427DBB05654}.Debug|Any CPU.ActiveCfg = Debug|Any CPU
		{F499423E-9DBE-4AD8-BBC5-A427DBB05654}.Debug|Any CPU.Build.0 = Debug|Any CPU
		{F499423E-9DBE-4AD8-BBC5-A427DBB05654}.Release|Any CPU.ActiveCfg = Release|Any CPU
		{F499423E-9DBE-4AD8-BBC5-A427DBB05654}.Release|Any CPU.Build.0 = Release|Any CPU
		{01D9130E-292E-438D-8ECD-A3540D3B06B2}.Debug|Any CPU.ActiveCfg = Debug|Any CPU
		{01D9130E-292E-438D-8ECD-A3540D3B06B2}.Debug|Any CPU.Build.0 = Debug|Any CPU
		{01D9130E-292E-438D-8ECD-A3540D3B06B2}.Release|Any CPU.ActiveCfg = Release|Any CPU
		{01D9130E-292E-438D-8ECD-A3540D3B06B2}.Release|Any CPU.Build.0 = Release|Any CPU
		{05E703D0-5FC1-48F3-93B3-3DACBF6A35B7}.Debug|Any CPU.ActiveCfg = Debug|Any CPU
		{05E703D0-5FC1-48F3-93B3-3DACBF6A35B7}.Debug|Any CPU.Build.0 = Debug|Any CPU
		{05E703D0-5FC1-48F3-93B3-3DACBF6A35B7}.Release|Any CPU.ActiveCfg = Release|Any CPU
		{05E703D0-5FC1-48F3-93B3-3DACBF6A35B7}.Release|Any CPU.Build.0 = Release|Any CPU
		{AC5ADFF3-0A44-4660-9F8E-96DD3742FCB1}.Debug|Any CPU.ActiveCfg = Debug|Any CPU
		{AC5ADFF3-0A44-4660-9F8E-96DD3742FCB1}.Debug|Any CPU.Build.0 = Debug|Any CPU
		{AC5ADFF3-0A44-4660-9F8E-96DD3742FCB1}.Release|Any CPU.ActiveCfg = Release|Any CPU
		{AC5ADFF3-0A44-4660-9F8E-96DD3742FCB1}.Release|Any CPU.Build.0 = Release|Any CPU
		{93B9C553-6D1C-4BD6-B11C-BE9D173A6F8A}.Debug|Any CPU.ActiveCfg = Debug|Any CPU
		{93B9C553-6D1C-4BD6-B11C-BE9D173A6F8A}.Debug|Any CPU.Build.0 = Debug|Any CPU
		{93B9C553-6D1C-4BD6-B11C-BE9D173A6F8A}.Release|Any CPU.ActiveCfg = Release|Any CPU
		{93B9C553-6D1C-4BD6-B11C-BE9D173A6F8A}.Release|Any CPU.Build.0 = Release|Any CPU
		{CED6E2C3-A93F-4D72-80FE-93C7AEEA21D6}.Debug|Any CPU.ActiveCfg = Debug|Any CPU
		{CED6E2C3-A93F-4D72-80FE-93C7AEEA21D6}.Debug|Any CPU.Build.0 = Debug|Any CPU
		{CED6E2C3-A93F-4D72-80FE-93C7AEEA21D6}.Release|Any CPU.ActiveCfg = Release|Any CPU
		{CED6E2C3-A93F-4D72-80FE-93C7AEEA21D6}.Release|Any CPU.Build.0 = Release|Any CPU
	EndGlobalSection
	GlobalSection(SolutionProperties) = preSolution
		HideSolutionNode = FALSE
	EndGlobalSection
	GlobalSection(NestedProjects) = preSolution
		{E8838506-C1C8-43FB-9E61-9E87F6F0AF4D} = {D16560F3-848B-491D-A77E-A4E63369F846}
		{901563EB-EE0B-4F77-B027-E90F5EAC7D70} = {D16560F3-848B-491D-A77E-A4E63369F846}
		{52B974E7-A927-4645-861C-FEA27003E4D5} = {D16560F3-848B-491D-A77E-A4E63369F846}
		{BB42A47B-4DE5-45B5-BBE2-DF6077FBED05} = {52B974E7-A927-4645-861C-FEA27003E4D5}
		{0A923EC5-960E-420C-A5AB-045AEBFD73D5} = {E8838506-C1C8-43FB-9E61-9E87F6F0AF4D}
		{7ECEDF9A-8019-440F-9172-429987234088} = {901563EB-EE0B-4F77-B027-E90F5EAC7D70}
		{857F3C44-A7FF-4765-8834-EDA9FFA8F6CA} = {52B974E7-A927-4645-861C-FEA27003E4D5}
		{282EF920-566F-438E-942C-4C492BF1D9A6} = {E8838506-C1C8-43FB-9E61-9E87F6F0AF4D}
		{CA498A0D-DEC9-4182-B870-1E0666C3E5C6} = {52B974E7-A927-4645-861C-FEA27003E4D5}
		{F499423E-9DBE-4AD8-BBC5-A427DBB05654} = {52B974E7-A927-4645-861C-FEA27003E4D5}
		{01D9130E-292E-438D-8ECD-A3540D3B06B2} = {901563EB-EE0B-4F77-B027-E90F5EAC7D70}
		{05E703D0-5FC1-48F3-93B3-3DACBF6A35B7} = {901563EB-EE0B-4F77-B027-E90F5EAC7D70}
		{AC5ADFF3-0A44-4660-9F8E-96DD3742FCB1} = {E8838506-C1C8-43FB-9E61-9E87F6F0AF4D}
		{93B9C553-6D1C-4BD6-B11C-BE9D173A6F8A} = {901563EB-EE0B-4F77-B027-E90F5EAC7D70}
		{CED6E2C3-A93F-4D72-80FE-93C7AEEA21D6} = {52B974E7-A927-4645-861C-FEA27003E4D5}
	EndGlobalSection
	GlobalSection(ExtensibilityGlobals) = postSolution
		SolutionGuid = {01BE6915-871A-4F87-B60A-8699137B5077}
	EndGlobalSection
EndGlobal
